
Microsoft Visual Studio Solution File, Format Version 12.00
# Visual Studio Version 16
VisualStudioVersion = 25.0.1703.2
MinimumVisualStudioVersion = 10.0.40219.1
Project("{FAE04EC0-301F-11D3-BF4B-00C04F79EFBC}") = "Maui.FreakyControls", "MAUI.FreakyControls\MAUI.FreakyControls.csproj", "{008F45DF-BE1C-403C-91D5-662C429DB31C}"
EndProject
Project("{FAE04EC0-301F-11D3-BF4B-00C04F79EFBC}") = "Samples", "Samples\Samples.csproj", "{FA323AEE-85A9-4D5D-9726-03C7D1FD71A2}"
EndProject
Global
	GlobalSection(SolutionConfigurationPlatforms) = preSolution
		Debug|Any CPU = Debug|Any CPU
		Release|Any CPU = Release|Any CPU
	EndGlobalSection
	GlobalSection(ProjectConfigurationPlatforms) = postSolution
		{008F45DF-BE1C-403C-91D5-662C429DB31C}.Debug|Any CPU.ActiveCfg = Debug|Any CPU
		{008F45DF-BE1C-403C-91D5-662C429DB31C}.Debug|Any CPU.Build.0 = Debug|Any CPU
		{008F45DF-BE1C-403C-91D5-662C429DB31C}.Release|Any CPU.ActiveCfg = Release|Any CPU
		{008F45DF-BE1C-403C-91D5-662C429DB31C}.Release|Any CPU.Build.0 = Release|Any CPU
		{FA323AEE-85A9-4D5D-9726-03C7D1FD71A2}.Debug|Any CPU.ActiveCfg = Debug|Any CPU
		{FA323AEE-85A9-4D5D-9726-03C7D1FD71A2}.Debug|Any CPU.Build.0 = Debug|Any CPU
		{FA323AEE-85A9-4D5D-9726-03C7D1FD71A2}.Release|Any CPU.ActiveCfg = Release|Any CPU
		{FA323AEE-85A9-4D5D-9726-03C7D1FD71A2}.Release|Any CPU.Build.0 = Release|Any CPU
	EndGlobalSection
	GlobalSection(SolutionProperties) = preSolution
		HideSolutionNode = FALSE
	EndGlobalSection
	GlobalSection(ExtensibilityGlobals) = postSolution
		SolutionGuid = {3A49EF6E-4CF5-41B1-8F23-FCD2AC812C50}
	EndGlobalSection
EndGlobal
